
Microsoft Visual Studio Solution File, Format Version 12.00
# Visual Studio Version 16
VisualStudioVersion = 16.0.30804.86
MinimumVisualStudioVersion = 10.0.40219.1
Project("{FAE04EC0-301F-11D3-BF4B-00C04F79EFBC}") = "DataGetterThingy", "DataGetterThingy\DataGetterThingy.csproj", "{DA842228-4AAE-40A1-A4A4-01263A6EBFF8}"
EndProject
Global
	GlobalSection(SolutionConfigurationPlatforms) = preSolution
		Debug|Any CPU = Debug|Any CPU
		Release|Any CPU = Release|Any CPU
	EndGlobalSection
	GlobalSection(ProjectConfigurationPlatforms) = postSolution
		{DA842228-4AAE-40A1-A4A4-01263A6EBFF8}.Debug|Any CPU.ActiveCfg = Debug|Any CPU
		{DA842228-4AAE-40A1-A4A4-01263A6EBFF8}.Debug|Any CPU.Build.0 = Debug|Any CPU
		{DA842228-4AAE-40A1-A4A4-01263A6EBFF8}.Release|Any CPU.ActiveCfg = Release|Any CPU
		{DA842228-4AAE-40A1-A4A4-01263A6EBFF8}.Release|Any CPU.Build.0 = Release|Any CPU
	EndGlobalSection
	GlobalSection(SolutionProperties) = preSolution
		HideSolutionNode = FALSE
	EndGlobalSection
	GlobalSection(ExtensibilityGlobals) = postSolution
		SolutionGuid = {BEAA5124-F871-42C2-9098-2D38248DFD81}
	EndGlobalSection
EndGlobal
